Microsoft Visual Studio Solution File, Format Version 12.00
Project("{9A19103F-16F7-4668-BE54-9A1E7A4F7556}") = "JustinWritesCode.Identity.Abstractions", "src\Abstractions\JustinWritesCode.Identity.Abstractions.csproj", "{0A92D09F-75A4-44DA-8935-A1F59AE5034E}"
EndProject
Project("{9A19103F-16F7-4668-BE54-9A1E7A4F7556}") = "JustinWritesCode.Identity.AspNetCore", "src\AspNetCore\JustinWritesCode.Identity.AspNetCore.csproj", "{2093BDAF-BA56-49A1-9307-C4A41684E872}"
EndProject
Project("{9A19103F-16F7-4668-BE54-9A1E7A4F7556}") = "JustinWritesCode.Identity.Authorization", "src\Authorization\JustinWritesCode.Identity.Authorization.csproj", "{47ACD722-438C-4DE4-92E5-5894BD99E3AD}"
EndProject
Project("{9A19103F-16F7-4668-BE54-9A1E7A4F7556}") = "JustinWritesCode.Identity.Claims", "src\Claims\JustinWritesCode.Identity.Claims.csproj", "{23258677-2D52-474F-ABFC-81F8468B9E90}"
EndProject
Project("{9A19103F-16F7-4668-BE54-9A1E7A4F7556}") = "JustinWritesCode.Identity.Constants", "src\Constants\JustinWritesCode.Identity.Constants.csproj", "{E61C4463-89CF-4465-818A-453FAA403C28}"
EndProject
Project("{9A19103F-16F7-4668-BE54-9A1E7A4F7556}") = "JustinWritesCode.Identity.EntityFrameworkCore.Constants", "src\EfCore.Constants\JustinWritesCode.Identity.EntityFrameworkCore.Constants.csproj", "{19ADA8C1-5FEE-4AE6-9008-4C7B7B951175}"
EndProject
Project("{9A19103F-16F7-4668-BE54-9A1E7A4F7556}") = "JustinWritesCode.Identity.EntityFrameworkCore", "src\EntityFrameworkCore\JustinWritesCode.Identity.EntityFrameworkCore.csproj", "{016B2A1C-E410-4C66-A46E-A38927C349E9}"
EndProject
Project("{9A19103F-16F7-4668-BE54-9A1E7A4F7556}") = "JustinWritesCode.com.Identity", "src\JustinWritesCode.com\JustinWritesCode.com.Identity.csproj", "{30A88D1B-B0CA-4A53-B606-0A8C4533E458}"
EndProject
Project("{9A19103F-16F7-4668-BE54-9A1E7A4F7556}") = "JustinWritesCode.Identity.Models", "src\Models\JustinWritesCode.Identity.Models.csproj", "{364E55D2-4B5B-443B-8CA2-890AD9FE8C71}"
EndProject
Project("{9A19103F-16F7-4668-BE54-9A1E7A4F7556}") = "JustinWritesCode.Security.Constants", "src\Security\Constants\JustinWritesCode.Security.Constants.csproj", "{50272AF6-DE0D-4C32-A828-A92882C84F3F}"
EndProject
Project("{9A19103F-16F7-4668-BE54-9A1E7A4F7556}") = "JustinWritesCode.Security", "src\Security\JustinWritesCode.Security.csproj", "{F8D927FF-D4F3-489B-9B92-372B4375A1D1}"
EndProject
Project("{2150E333-8FDC-42A3-9474-1A3956D46DE8}") = "src", "src", "{C794A740-C162-4E2C-86E8-53D6939D064D}"
EndProject
Global
	GlobalSection(SolutionConfigurationPlatforms) = preSolution
		Local|Any CPU = Local|Any CPU
		Debug|Any CPU = Debug|Any CPU
		Staging|Any CPU = Staging|Any CPU
		Release|Any CPU = Release|Any CPU
		Testing|Any CPU = Testing|Any CPU
	EndGlobalSection
	GlobalSection(ProjectConfigurationPlatforms) = postSolution
		{0A92D09F-75A4-44DA-8935-A1F59AE5034E}.Local|Any CPU.ActiveCfg = Local|Any CPU
		{0A92D09F-75A4-44DA-8935-A1F59AE5034E}.Local|Any CPU.Build.0 = Local|Any CPU
		{0A92D09F-75A4-44DA-8935-A1F59AE5034E}.Debug|Any CPU.ActiveCfg = Debug|Any CPU
		{0A92D09F-75A4-44DA-8935-A1F59AE5034E}.Debug|Any CPU.Build.0 = Debug|Any CPU
		{0A92D09F-75A4-44DA-8935-A1F59AE5034E}.Staging|Any CPU.ActiveCfg = Staging|Any CPU
		{0A92D09F-75A4-44DA-8935-A1F59AE5034E}.Staging|Any CPU.Build.0 = Staging|Any CPU
		{0A92D09F-75A4-44DA-8935-A1F59AE5034E}.Release|Any CPU.ActiveCfg = Release|Any CPU
		{0A92D09F-75A4-44DA-8935-A1F59AE5034E}.Release|Any CPU.Build.0 = Release|Any CPU
		{0A92D09F-75A4-44DA-8935-A1F59AE5034E}.Testing|Any CPU.ActiveCfg = Testing|Any CPU
		{0A92D09F-75A4-44DA-8935-A1F59AE5034E}.Testing|Any CPU.Build.0 = Testing|Any CPU
		{2093BDAF-BA56-49A1-9307-C4A41684E872}.Local|Any CPU.ActiveCfg = Local|Any CPU
		{2093BDAF-BA56-49A1-9307-C4A41684E872}.Local|Any CPU.Build.0 = Local|Any CPU
		{2093BDAF-BA56-49A1-9307-C4A41684E872}.Debug|Any CPU.ActiveCfg = Debug|Any CPU
		{2093BDAF-BA56-49A1-9307-C4A41684E872}.Debug|Any CPU.Build.0 = Debug|Any CPU
		{2093BDAF-BA56-49A1-9307-C4A41684E872}.Staging|Any CPU.ActiveCfg = Staging|Any CPU
		{2093BDAF-BA56-49A1-9307-C4A41684E872}.Staging|Any CPU.Build.0 = Staging|Any CPU
		{2093BDAF-BA56-49A1-9307-C4A41684E872}.Release|Any CPU.ActiveCfg = Release|Any CPU
		{2093BDAF-BA56-49A1-9307-C4A41684E872}.Release|Any CPU.Build.0 = Release|Any CPU
		{2093BDAF-BA56-49A1-9307-C4A41684E872}.Testing|Any CPU.ActiveCfg = Testing|Any CPU
		{2093BDAF-BA56-49A1-9307-C4A41684E872}.Testing|Any CPU.Build.0 = Testing|Any CPU
		{47ACD722-438C-4DE4-92E5-5894BD99E3AD}.Local|Any CPU.ActiveCfg = Local|Any CPU
		{47ACD722-438C-4DE4-92E5-5894BD99E3AD}.Local|Any CPU.Build.0 = Local|Any CPU
		{47ACD722-438C-4DE4-92E5-5894BD99E3AD}.Debug|Any CPU.ActiveCfg = Debug|Any CPU
		{47ACD722-438C-4DE4-92E5-5894BD99E3AD}.Debug|Any CPU.Build.0 = Debug|Any CPU
		{47ACD722-438C-4DE4-92E5-5894BD99E3AD}.Staging|Any CPU.ActiveCfg = Staging|Any CPU
		{47ACD722-438C-4DE4-92E5-5894BD99E3AD}.Staging|Any CPU.Build.0 = Staging|Any CPU
		{47ACD722-438C-4DE4-92E5-5894BD99E3AD}.Release|Any CPU.ActiveCfg = Release|Any CPU
		{47ACD722-438C-4DE4-92E5-5894BD99E3AD}.Release|Any CPU.Build.0 = Release|Any CPU
		{47ACD722-438C-4DE4-92E5-5894BD99E3AD}.Testing|Any CPU.ActiveCfg = Testing|Any CPU
		{47ACD722-438C-4DE4-92E5-5894BD99E3AD}.Testing|Any CPU.Build.0 = Testing|Any CPU
		{23258677-2D52-474F-ABFC-81F8468B9E90}.Local|Any CPU.ActiveCfg = Local|Any CPU
		{23258677-2D52-474F-ABFC-81F8468B9E90}.Local|Any CPU.Build.0 = Local|Any CPU
		{23258677-2D52-474F-ABFC-81F8468B9E90}.Debug|Any CPU.ActiveCfg = Debug|Any CPU
		{23258677-2D52-474F-ABFC-81F8468B9E90}.Debug|Any CPU.Build.0 = Debug|Any CPU
		{23258677-2D52-474F-ABFC-81F8468B9E90}.Staging|Any CPU.ActiveCfg = Staging|Any CPU
		{23258677-2D52-474F-ABFC-81F8468B9E90}.Staging|Any CPU.Build.0 = Staging|Any CPU
		{23258677-2D52-474F-ABFC-81F8468B9E90}.Release|Any CPU.ActiveCfg = Release|Any CPU
		{23258677-2D52-474F-ABFC-81F8468B9E90}.Release|Any CPU.Build.0 = Release|Any CPU
		{23258677-2D52-474F-ABFC-81F8468B9E90}.Testing|Any CPU.ActiveCfg = Testing|Any CPU
		{23258677-2D52-474F-ABFC-81F8468B9E90}.Testing|Any CPU.Build.0 = Testing|Any CPU
		{E61C4463-89CF-4465-818A-453FAA403C28}.Local|Any CPU.ActiveCfg = Local|Any CPU
		{E61C4463-89CF-4465-818A-453FAA403C28}.Local|Any CPU.Build.0 = Local|Any CPU
		{E61C4463-89CF-4465-818A-453FAA403C28}.Debug|Any CPU.ActiveCfg = Debug|Any CPU
		{E61C4463-89CF-4465-818A-453FAA403C28}.Debug|Any CPU.Build.0 = Debug|Any CPU
		{E61C4463-89CF-4465-818A-453FAA403C28}.Staging|Any CPU.ActiveCfg = Staging|Any CPU
		{E61C4463-89CF-4465-818A-453FAA403C28}.Staging|Any CPU.Build.0 = Staging|Any CPU
		{E61C4463-89CF-4465-818A-453FAA403C28}.Release|Any CPU.ActiveCfg = Release|Any CPU
		{E61C4463-89CF-4465-818A-453FAA403C28}.Release|Any CPU.Build.0 = Release|Any CPU
		{E61C4463-89CF-4465-818A-453FAA403C28}.Testing|Any CPU.ActiveCfg = Testing|Any CPU
		{E61C4463-89CF-4465-818A-453FAA403C28}.Testing|Any CPU.Build.0 = Testing|Any CPU
		{19ADA8C1-5FEE-4AE6-9008-4C7B7B951175}.Local|Any CPU.ActiveCfg = Local|Any CPU
		{19ADA8C1-5FEE-4AE6-9008-4C7B7B951175}.Local|Any CPU.Build.0 = Local|Any CPU
		{19ADA8C1-5FEE-4AE6-9008-4C7B7B951175}.Debug|Any CPU.ActiveCfg = Debug|Any CPU
		{19ADA8C1-5FEE-4AE6-9008-4C7B7B951175}.Debug|Any CPU.Build.0 = Debug|Any CPU
		{19ADA8C1-5FEE-4AE6-9008-4C7B7B951175}.Staging|Any CPU.ActiveCfg = Staging|Any CPU
		{19ADA8C1-5FEE-4AE6-9008-4C7B7B951175}.Staging|Any CPU.Build.0 = Staging|Any CPU
		{19ADA8C1-5FEE-4AE6-9008-4C7B7B951175}.Release|Any CPU.ActiveCfg = Release|Any CPU
		{19ADA8C1-5FEE-4AE6-9008-4C7B7B951175}.Release|Any CPU.Build.0 = Release|Any CPU
		{19ADA8C1-5FEE-4AE6-9008-4C7B7B951175}.Testing|Any CPU.ActiveCfg = Testing|Any CPU
		{19ADA8C1-5FEE-4AE6-9008-4C7B7B951175}.Testing|Any CPU.Build.0 = Testing|Any CPU
		{016B2A1C-E410-4C66-A46E-A38927C349E9}.Local|Any CPU.ActiveCfg = Local|Any CPU
		{016B2A1C-E410-4C66-A46E-A38927C349E9}.Local|Any CPU.Build.0 = Local|Any CPU
		{016B2A1C-E410-4C66-A46E-A38927C349E9}.Debug|Any CPU.ActiveCfg = Debug|Any CPU
		{016B2A1C-E410-4C66-A46E-A38927C349E9}.Debug|Any CPU.Build.0 = Debug|Any CPU
		{016B2A1C-E410-4C66-A46E-A38927C349E9}.Staging|Any CPU.ActiveCfg = Staging|Any CPU
		{016B2A1C-E410-4C66-A46E-A38927C349E9}.Staging|Any CPU.Build.0 = Staging|Any CPU
		{016B2A1C-E410-4C66-A46E-A38927C349E9}.Release|Any CPU.ActiveCfg = Release|Any CPU
		{016B2A1C-E410-4C66-A46E-A38927C349E9}.Release|Any CPU.Build.0 = Release|Any CPU
		{016B2A1C-E410-4C66-A46E-A38927C349E9}.Testing|Any CPU.ActiveCfg = Testing|Any CPU
		{016B2A1C-E410-4C66-A46E-A38927C349E9}.Testing|Any CPU.Build.0 = Testing|Any CPU
		{30A88D1B-B0CA-4A53-B606-0A8C4533E458}.Local|Any CPU.ActiveCfg = Local|Any CPU
		{30A88D1B-B0CA-4A53-B606-0A8C4533E458}.Local|Any CPU.Build.0 = Local|Any CPU
		{30A88D1B-B0CA-4A53-B606-0A8C4533E458}.Debug|Any CPU.ActiveCfg = Debug|Any CPU
		{30A88D1B-B0CA-4A53-B606-0A8C4533E458}.Debug|Any CPU.Build.0 = Debug|Any CPU
		{30A88D1B-B0CA-4A53-B606-0A8C4533E458}.Staging|Any CPU.ActiveCfg = Staging|Any CPU
		{30A88D1B-B0CA-4A53-B606-0A8C4533E458}.Staging|Any CPU.Build.0 = Staging|Any CPU
		{30A88D1B-B0CA-4A53-B606-0A8C4533E458}.Release|Any CPU.ActiveCfg = Release|Any CPU
		{30A88D1B-B0CA-4A53-B606-0A8C4533E458}.Release|Any CPU.Build.0 = Release|Any CPU
		{30A88D1B-B0CA-4A53-B606-0A8C4533E458}.Testing|Any CPU.ActiveCfg = Testing|Any CPU
		{30A88D1B-B0CA-4A53-B606-0A8C4533E458}.Testing|Any CPU.Build.0 = Testing|Any CPU
		{364E55D2-4B5B-443B-8CA2-890AD9FE8C71}.Local|Any CPU.ActiveCfg = Local|Any CPU
		{364E55D2-4B5B-443B-8CA2-890AD9FE8C71}.Local|Any CPU.Build.0 = Local|Any CPU
		{364E55D2-4B5B-443B-8CA2-890AD9FE8C71}.Debug|Any CPU.ActiveCfg = Debug|Any CPU
		{364E55D2-4B5B-443B-8CA2-890AD9FE8C71}.Debug|Any CPU.Build.0 = Debug|Any CPU
		{364E55D2-4B5B-443B-8CA2-890AD9FE8C71}.Staging|Any CPU.ActiveCfg = Staging|Any CPU
		{364E55D2-4B5B-443B-8CA2-890AD9FE8C71}.Staging|Any CPU.Build.0 = Staging|Any CPU
		{364E55D2-4B5B-443B-8CA2-890AD9FE8C71}.Release|Any CPU.ActiveCfg = Release|Any CPU
		{364E55D2-4B5B-443B-8CA2-890AD9FE8C71}.Release|Any CPU.Build.0 = Release|Any CPU
		{364E55D2-4B5B-443B-8CA2-890AD9FE8C71}.Testing|Any CPU.ActiveCfg = Testing|Any CPU
		{364E55D2-4B5B-443B-8CA2-890AD9FE8C71}.Testing|Any CPU.Build.0 = Testing|Any CPU
		{50272AF6-DE0D-4C32-A828-A92882C84F3F}.Local|Any CPU.ActiveCfg = Local|Any CPU
		{50272AF6-DE0D-4C32-A828-A92882C84F3F}.Local|Any CPU.Build.0 = Local|Any CPU
		{50272AF6-DE0D-4C32-A828-A92882C84F3F}.Debug|Any CPU.ActiveCfg = Debug|Any CPU
		{50272AF6-DE0D-4C32-A828-A92882C84F3F}.Debug|Any CPU.Build.0 = Debug|Any CPU
		{50272AF6-DE0D-4C32-A828-A92882C84F3F}.Staging|Any CPU.ActiveCfg = Staging|Any CPU
		{50272AF6-DE0D-4C32-A828-A92882C84F3F}.Staging|Any CPU.Build.0 = Staging|Any CPU
		{50272AF6-DE0D-4C32-A828-A92882C84F3F}.Release|Any CPU.ActiveCfg = Release|Any CPU
		{50272AF6-DE0D-4C32-A828-A92882C84F3F}.Release|Any CPU.Build.0 = Release|Any CPU
		{50272AF6-DE0D-4C32-A828-A92882C84F3F}.Testing|Any CPU.ActiveCfg = Testing|Any CPU
		{50272AF6-DE0D-4C32-A828-A92882C84F3F}.Testing|Any CPU.Build.0 = Testing|Any CPU
		{F8D927FF-D4F3-489B-9B92-372B4375A1D1}.Local|Any CPU.ActiveCfg = Local|Any CPU
		{F8D927FF-D4F3-489B-9B92-372B4375A1D1}.Local|Any CPU.Build.0 = Local|Any CPU
		{F8D927FF-D4F3-489B-9B92-372B4375A1D1}.Debug|Any CPU.ActiveCfg = Debug|Any CPU
		{F8D927FF-D4F3-489B-9B92-372B4375A1D1}.Debug|Any CPU.Build.0 = Debug|Any CPU
		{F8D927FF-D4F3-489B-9B92-372B4375A1D1}.Staging|Any CPU.ActiveCfg = Staging|Any CPU
		{F8D927FF-D4F3-489B-9B92-372B4375A1D1}.Staging|Any CPU.Build.0 = Staging|Any CPU
		{F8D927FF-D4F3-489B-9B92-372B4375A1D1}.Release|Any CPU.ActiveCfg = Release|Any CPU
		{F8D927FF-D4F3-489B-9B92-372B4375A1D1}.Release|Any CPU.Build.0 = Release|Any CPU
		{F8D927FF-D4F3-489B-9B92-372B4375A1D1}.Testing|Any CPU.ActiveCfg = Testing|Any CPU
		{F8D927FF-D4F3-489B-9B92-372B4375A1D1}.Testing|Any CPU.Build.0 = Testing|Any CPU
	EndGlobalSection
	GlobalSection(SolutionProperties) = preSolution
		HideSolutionNode = FALSE
	EndGlobalSection
	GlobalSection(NestedProjects) = preSolution
		{0A92D09F-75A4-44DA-8935-A1F59AE5034E} = {C794A740-C162-4E2C-86E8-53D6939D064D}
		{2093BDAF-BA56-49A1-9307-C4A41684E872} = {C794A740-C162-4E2C-86E8-53D6939D064D}
		{47ACD722-438C-4DE4-92E5-5894BD99E3AD} = {C794A740-C162-4E2C-86E8-53D6939D064D}
		{23258677-2D52-474F-ABFC-81F8468B9E90} = {C794A740-C162-4E2C-86E8-53D6939D064D}
		{E61C4463-89CF-4465-818A-453FAA403C28} = {C794A740-C162-4E2C-86E8-53D6939D064D}
		{19ADA8C1-5FEE-4AE6-9008-4C7B7B951175} = {C794A740-C162-4E2C-86E8-53D6939D064D}
		{016B2A1C-E410-4C66-A46E-A38927C349E9} = {C794A740-C162-4E2C-86E8-53D6939D064D}
		{30A88D1B-B0CA-4A53-B606-0A8C4533E458} = {C794A740-C162-4E2C-86E8-53D6939D064D}
		{364E55D2-4B5B-443B-8CA2-890AD9FE8C71} = {C794A740-C162-4E2C-86E8-53D6939D064D}
		{50272AF6-DE0D-4C32-A828-A92882C84F3F} = {C794A740-C162-4E2C-86E8-53D6939D064D}
		{F8D927FF-D4F3-489B-9B92-372B4375A1D1} = {C794A740-C162-4E2C-86E8-53D6939D064D}
	EndGlobalSection
	GlobalSection(ExtensibilityGlobals) = postSolution
		SolutionGuid = {722F0544-CA26-42FC-B5AF-7CE5FDBF56B1}
	EndGlobalSection
EndGlobal
