Microsoft Visual Studio Solution File, Format Version 12.00
Project("{9A19103F-16F7-4668-BE54-9A1E7A4F7556}") = "JustinWritesCode.Identity.Authorization", "JustinWritesCode.Identity.Authorization.csproj", "{6B6AA634-BB15-4B36-8E6B-B7FC446BD510}"
EndProject
Project("{2150E333-8FDC-42A3-9474-1A3956D46DE8}") = "src", "src", "{A9E55998-ACBC-4738-A571-76A88E734613}"
EndProject
Global
	GlobalSection(SolutionConfigurationPlatforms) = preSolution
		Local|Any CPU = Local|Any CPU
		Debug|Any CPU = Debug|Any CPU
		Staging|Any CPU = Staging|Any CPU
		Release|Any CPU = Release|Any CPU
		Testing|Any CPU = Testing|Any CPU
	EndGlobalSection
	GlobalSection(ProjectConfigurationPlatforms) = postSolution
		{6B6AA634-BB15-4B36-8E6B-B7FC446BD510}.Local|Any CPU.ActiveCfg = Local|Any CPU
		{6B6AA634-BB15-4B36-8E6B-B7FC446BD510}.Local|Any CPU.Build.0 = Local|Any CPU
		{6B6AA634-BB15-4B36-8E6B-B7FC446BD510}.Debug|Any CPU.ActiveCfg = Debug|Any CPU
		{6B6AA634-BB15-4B36-8E6B-B7FC446BD510}.Debug|Any CPU.Build.0 = Debug|Any CPU
		{6B6AA634-BB15-4B36-8E6B-B7FC446BD510}.Staging|Any CPU.ActiveCfg = Staging|Any CPU
		{6B6AA634-BB15-4B36-8E6B-B7FC446BD510}.Staging|Any CPU.Build.0 = Staging|Any CPU
		{6B6AA634-BB15-4B36-8E6B-B7FC446BD510}.Release|Any CPU.ActiveCfg = Release|Any CPU
		{6B6AA634-BB15-4B36-8E6B-B7FC446BD510}.Release|Any CPU.Build.0 = Release|Any CPU
		{6B6AA634-BB15-4B36-8E6B-B7FC446BD510}.Testing|Any CPU.ActiveCfg = Testing|Any CPU
		{6B6AA634-BB15-4B36-8E6B-B7FC446BD510}.Testing|Any CPU.Build.0 = Testing|Any CPU
	EndGlobalSection
	GlobalSection(SolutionProperties) = preSolution
		HideSolutionNode = FALSE
	EndGlobalSection
	GlobalSection(NestedProjects) = preSolution
		{6B6AA634-BB15-4B36-8E6B-B7FC446BD510} = {A9E55998-ACBC-4738-A571-76A88E734613}
	EndGlobalSection
	GlobalSection(ExtensibilityGlobals) = postSolution
		SolutionGuid = {14A5C916-5215-482B-8ADD-855A73C7A95B}
	EndGlobalSection
EndGlobal
