Microsoft Visual Studio Solution File, Format Version 12.00
Project("{9A19103F-16F7-4668-BE54-9A1E7A4F7556}") = "JustinWritesCode.Identity.Constants", "JustinWritesCode.Identity.Constants.csproj", "{458E0B0F-DF62-4187-9814-518A78970E3D}"
EndProject
Project("{2150E333-8FDC-42A3-9474-1A3956D46DE8}") = "src", "src", "{A87639B6-BC7A-40F6-BCDD-5C23364710AA}"
EndProject
Global
    GlobalSection(SolutionConfigurationPlatforms) = preSolution
        Testing|Any CPU = Testing|Any CPU
        Local|Any CPU = Local|Any CPU
        Debug|Any CPU = Debug|Any CPU
        Staging|Any CPU = Staging|Any CPU
        Release|Any CPU = Release|Any CPU
    EndGlobalSection
    GlobalSection(ProjectConfigurationPlatforms) = postSolution
        {458E0B0F-DF62-4187-9814-518A78970E3D}.Testing|Any CPU.ActiveCfg = Testing|Any CPU
        {458E0B0F-DF62-4187-9814-518A78970E3D}.Testing|Any CPU.Build.0 = Testing|Any CPU
        {458E0B0F-DF62-4187-9814-518A78970E3D}.Local|Any CPU.ActiveCfg = Local|Any CPU
        {458E0B0F-DF62-4187-9814-518A78970E3D}.Local|Any CPU.Build.0 = Local|Any CPU
        {458E0B0F-DF62-4187-9814-518A78970E3D}.Debug|Any CPU.ActiveCfg = Debug|Any CPU
        {458E0B0F-DF62-4187-9814-518A78970E3D}.Debug|Any CPU.Build.0 = Debug|Any CPU
        {458E0B0F-DF62-4187-9814-518A78970E3D}.Staging|Any CPU.ActiveCfg = Staging|Any CPU
        {458E0B0F-DF62-4187-9814-518A78970E3D}.Staging|Any CPU.Build.0 = Staging|Any CPU
        {458E0B0F-DF62-4187-9814-518A78970E3D}.Release|Any CPU.ActiveCfg = Release|Any CPU
        {458E0B0F-DF62-4187-9814-518A78970E3D}.Release|Any CPU.Build.0 = Release|Any CPU
    EndGlobalSection
    GlobalSection(SolutionProperties) = preSolution
        HideSolutionNode = FALSE
    EndGlobalSection
    GlobalSection(NestedProjects) = preSolution
        {458E0B0F-DF62-4187-9814-518A78970E3D} = {A87639B6-BC7A-40F6-BCDD-5C23364710AA}
    EndGlobalSection
    GlobalSection(ExtensibilityGlobals) = postSolution
        SolutionGuid = {6827BF4B-2B60-4A90-A1D4-3D8263B17E69}
    EndGlobalSection
EndGlobal
