Microsoft Visual Studio Solution File, Format Version 12.00
Project("{9A19103F-16F7-4668-BE54-9A1E7A4F7556}") = "JustinWritesCode.Identity.Constants", "JustinWritesCode.Identity.Constants.csproj", "{BE9A19BB-14B4-430E-88C5-FB9C04835DF6}"
EndProject
Project("{2150E333-8FDC-42A3-9474-1A3956D46DE8}") = "src", "src", "{505395AC-BCD2-4C5D-94AA-F97647F20406}"
EndProject
Global
	GlobalSection(SolutionConfigurationPlatforms) = preSolution
		Local|Any CPU = Local|Any CPU
		Debug|Any CPU = Debug|Any CPU
		Staging|Any CPU = Staging|Any CPU
		Release|Any CPU = Release|Any CPU
		Testing|Any CPU = Testing|Any CPU
	EndGlobalSection
	GlobalSection(ProjectConfigurationPlatforms) = postSolution
		{BE9A19BB-14B4-430E-88C5-FB9C04835DF6}.Local|Any CPU.ActiveCfg = Local|Any CPU
		{BE9A19BB-14B4-430E-88C5-FB9C04835DF6}.Local|Any CPU.Build.0 = Local|Any CPU
		{BE9A19BB-14B4-430E-88C5-FB9C04835DF6}.Debug|Any CPU.ActiveCfg = Debug|Any CPU
		{BE9A19BB-14B4-430E-88C5-FB9C04835DF6}.Debug|Any CPU.Build.0 = Debug|Any CPU
		{BE9A19BB-14B4-430E-88C5-FB9C04835DF6}.Staging|Any CPU.ActiveCfg = Staging|Any CPU
		{BE9A19BB-14B4-430E-88C5-FB9C04835DF6}.Staging|Any CPU.Build.0 = Staging|Any CPU
		{BE9A19BB-14B4-430E-88C5-FB9C04835DF6}.Release|Any CPU.ActiveCfg = Release|Any CPU
		{BE9A19BB-14B4-430E-88C5-FB9C04835DF6}.Release|Any CPU.Build.0 = Release|Any CPU
		{BE9A19BB-14B4-430E-88C5-FB9C04835DF6}.Testing|Any CPU.ActiveCfg = Testing|Any CPU
		{BE9A19BB-14B4-430E-88C5-FB9C04835DF6}.Testing|Any CPU.Build.0 = Testing|Any CPU
	EndGlobalSection
	GlobalSection(SolutionProperties) = preSolution
		HideSolutionNode = FALSE
	EndGlobalSection
	GlobalSection(NestedProjects) = preSolution
		{BE9A19BB-14B4-430E-88C5-FB9C04835DF6} = {505395AC-BCD2-4C5D-94AA-F97647F20406}
	EndGlobalSection
	GlobalSection(ExtensibilityGlobals) = postSolution
		SolutionGuid = {74E74606-A7CF-4D8C-B7FF-052926BC117C}
	EndGlobalSection
EndGlobal
