Microsoft Visual Studio Solution File, Format Version 12.00
Project("{9A19103F-16F7-4668-BE54-9A1E7A4F7556}") = "JustinWritesCode.Identity.Claims", "JustinWritesCode.Identity.Claims.csproj", "{2F9A3CB8-5C2B-4280-A553-5A1D113A1006}"
EndProject
Project("{2150E333-8FDC-42A3-9474-1A3956D46DE8}") = "src", "src", "{5C5E5B99-52FB-4E69-BC96-7E4FE5C344D9}"
EndProject
Global
	GlobalSection(SolutionConfigurationPlatforms) = preSolution
		Local|Any CPU = Local|Any CPU
		Debug|Any CPU = Debug|Any CPU
		Staging|Any CPU = Staging|Any CPU
		Release|Any CPU = Release|Any CPU
		Testing|Any CPU = Testing|Any CPU
	EndGlobalSection
	GlobalSection(ProjectConfigurationPlatforms) = postSolution
		{2F9A3CB8-5C2B-4280-A553-5A1D113A1006}.Local|Any CPU.ActiveCfg = Local|Any CPU
		{2F9A3CB8-5C2B-4280-A553-5A1D113A1006}.Local|Any CPU.Build.0 = Local|Any CPU
		{2F9A3CB8-5C2B-4280-A553-5A1D113A1006}.Debug|Any CPU.ActiveCfg = Debug|Any CPU
		{2F9A3CB8-5C2B-4280-A553-5A1D113A1006}.Debug|Any CPU.Build.0 = Debug|Any CPU
		{2F9A3CB8-5C2B-4280-A553-5A1D113A1006}.Staging|Any CPU.ActiveCfg = Staging|Any CPU
		{2F9A3CB8-5C2B-4280-A553-5A1D113A1006}.Staging|Any CPU.Build.0 = Staging|Any CPU
		{2F9A3CB8-5C2B-4280-A553-5A1D113A1006}.Release|Any CPU.ActiveCfg = Release|Any CPU
		{2F9A3CB8-5C2B-4280-A553-5A1D113A1006}.Release|Any CPU.Build.0 = Release|Any CPU
		{2F9A3CB8-5C2B-4280-A553-5A1D113A1006}.Testing|Any CPU.ActiveCfg = Testing|Any CPU
		{2F9A3CB8-5C2B-4280-A553-5A1D113A1006}.Testing|Any CPU.Build.0 = Testing|Any CPU
	EndGlobalSection
	GlobalSection(SolutionProperties) = preSolution
		HideSolutionNode = FALSE
	EndGlobalSection
	GlobalSection(NestedProjects) = preSolution
		{2F9A3CB8-5C2B-4280-A553-5A1D113A1006} = {5C5E5B99-52FB-4E69-BC96-7E4FE5C344D9}
	EndGlobalSection
	GlobalSection(ExtensibilityGlobals) = postSolution
		SolutionGuid = {50A240B0-1F02-4BDB-870A-6BE17B2773D5}
	EndGlobalSection
EndGlobal
