Microsoft Visual Studio Solution File, Format Version 12.00
Project("{9A19103F-16F7-4668-BE54-9A1E7A4F7556}") = "JustinWritesCode.Identity.EntityFrameworkCore.Abstractions", "JustinWritesCode.Identity.EntityFrameworkCore.Abstractions.csproj", "{80C3F43A-23CF-48BA-952A-C1C587104CE7}"
EndProject
Project("{2150E333-8FDC-42A3-9474-1A3956D46DE8}") = "src", "src", "{BD293CD9-C651-4BBF-A0DF-7EBB4A41EE9F}"
EndProject
Global
    GlobalSection(SolutionConfigurationPlatforms) = preSolution
        Local|Any CPU = Local|Any CPU
        Debug|Any CPU = Debug|Any CPU
        Staging|Any CPU = Staging|Any CPU
        Release|Any CPU = Release|Any CPU
        Testing|Any CPU = Testing|Any CPU
    EndGlobalSection
    GlobalSection(ProjectConfigurationPlatforms) = postSolution
        {80C3F43A-23CF-48BA-952A-C1C587104CE7}.Local|Any CPU.ActiveCfg = Local|Any CPU
        {80C3F43A-23CF-48BA-952A-C1C587104CE7}.Local|Any CPU.Build.0 = Local|Any CPU
        {80C3F43A-23CF-48BA-952A-C1C587104CE7}.Debug|Any CPU.ActiveCfg = Debug|Any CPU
        {80C3F43A-23CF-48BA-952A-C1C587104CE7}.Debug|Any CPU.Build.0 = Debug|Any CPU
        {80C3F43A-23CF-48BA-952A-C1C587104CE7}.Staging|Any CPU.ActiveCfg = Staging|Any CPU
        {80C3F43A-23CF-48BA-952A-C1C587104CE7}.Staging|Any CPU.Build.0 = Staging|Any CPU
        {80C3F43A-23CF-48BA-952A-C1C587104CE7}.Release|Any CPU.ActiveCfg = Release|Any CPU
        {80C3F43A-23CF-48BA-952A-C1C587104CE7}.Release|Any CPU.Build.0 = Release|Any CPU
        {80C3F43A-23CF-48BA-952A-C1C587104CE7}.Testing|Any CPU.ActiveCfg = Testing|Any CPU
        {80C3F43A-23CF-48BA-952A-C1C587104CE7}.Testing|Any CPU.Build.0 = Testing|Any CPU
    EndGlobalSection
    GlobalSection(SolutionProperties) = preSolution
        HideSolutionNode = FALSE
    EndGlobalSection
    GlobalSection(NestedProjects) = preSolution
        {80C3F43A-23CF-48BA-952A-C1C587104CE7} = {BD293CD9-C651-4BBF-A0DF-7EBB4A41EE9F}
    EndGlobalSection
    GlobalSection(ExtensibilityGlobals) = postSolution
        SolutionGuid = {F6E2C546-84C1-4A05-A9A5-B1B39D0CC877}
    EndGlobalSection
EndGlobal
