Microsoft Visual Studio Solution File, Format Version 12.00
Project("{9A19103F-16F7-4668-BE54-9A1E7A4F7556}") = "JustinWritesCode.Identity.Abstractions", "JustinWritesCode.Identity.Abstractions.csproj", "{5C3ABEF5-2EEC-4C82-AB30-05CDABF3BD7C}"
EndProject
Project("{2150E333-8FDC-42A3-9474-1A3956D46DE8}") = "src", "src", "{73812AEC-CD37-4999-8C38-88EACA19241D}"
EndProject
Global
	GlobalSection(SolutionConfigurationPlatforms) = preSolution
		Local|Any CPU = Local|Any CPU
		Debug|Any CPU = Debug|Any CPU
		Staging|Any CPU = Staging|Any CPU
		Release|Any CPU = Release|Any CPU
		Testing|Any CPU = Testing|Any CPU
	EndGlobalSection
	GlobalSection(ProjectConfigurationPlatforms) = postSolution
		{5C3ABEF5-2EEC-4C82-AB30-05CDABF3BD7C}.Local|Any CPU.ActiveCfg = Local|Any CPU
		{5C3ABEF5-2EEC-4C82-AB30-05CDABF3BD7C}.Local|Any CPU.Build.0 = Local|Any CPU
		{5C3ABEF5-2EEC-4C82-AB30-05CDABF3BD7C}.Debug|Any CPU.ActiveCfg = Debug|Any CPU
		{5C3ABEF5-2EEC-4C82-AB30-05CDABF3BD7C}.Debug|Any CPU.Build.0 = Debug|Any CPU
		{5C3ABEF5-2EEC-4C82-AB30-05CDABF3BD7C}.Staging|Any CPU.ActiveCfg = Staging|Any CPU
		{5C3ABEF5-2EEC-4C82-AB30-05CDABF3BD7C}.Staging|Any CPU.Build.0 = Staging|Any CPU
		{5C3ABEF5-2EEC-4C82-AB30-05CDABF3BD7C}.Release|Any CPU.ActiveCfg = Release|Any CPU
		{5C3ABEF5-2EEC-4C82-AB30-05CDABF3BD7C}.Release|Any CPU.Build.0 = Release|Any CPU
		{5C3ABEF5-2EEC-4C82-AB30-05CDABF3BD7C}.Testing|Any CPU.ActiveCfg = Testing|Any CPU
		{5C3ABEF5-2EEC-4C82-AB30-05CDABF3BD7C}.Testing|Any CPU.Build.0 = Testing|Any CPU
	EndGlobalSection
	GlobalSection(SolutionProperties) = preSolution
		HideSolutionNode = FALSE
	EndGlobalSection
	GlobalSection(NestedProjects) = preSolution
		{5C3ABEF5-2EEC-4C82-AB30-05CDABF3BD7C} = {73812AEC-CD37-4999-8C38-88EACA19241D}
	EndGlobalSection
	GlobalSection(ExtensibilityGlobals) = postSolution
		SolutionGuid = {51CA858D-72F4-49D4-B805-F18F5086243F}
	EndGlobalSection
EndGlobal
