Microsoft Visual Studio Solution File, Format Version 12.00
Project("{9A19103F-16F7-4668-BE54-9A1E7A4F7556}") = "JustinWritesCode.Identity.JustinWritesCode", "JustinWritesCode.Identity.JustinWritesCode.csproj", "{6535CCD2-AF18-4976-8CFF-48976EBD22B8}"
EndProject
Project("{2150E333-8FDC-42A3-9474-1A3956D46DE8}") = "src", "src", "{3F4F8C03-8B71-4EEE-832C-FDB9FCEA1D09}"
EndProject
Global
	GlobalSection(SolutionConfigurationPlatforms) = preSolution
		Local|Any CPU = Local|Any CPU
		Debug|Any CPU = Debug|Any CPU
		Staging|Any CPU = Staging|Any CPU
		Release|Any CPU = Release|Any CPU
		Testing|Any CPU = Testing|Any CPU
	EndGlobalSection
	GlobalSection(ProjectConfigurationPlatforms) = postSolution
		{6535CCD2-AF18-4976-8CFF-48976EBD22B8}.Local|Any CPU.ActiveCfg = Local|Any CPU
		{6535CCD2-AF18-4976-8CFF-48976EBD22B8}.Local|Any CPU.Build.0 = Local|Any CPU
		{6535CCD2-AF18-4976-8CFF-48976EBD22B8}.Debug|Any CPU.ActiveCfg = Debug|Any CPU
		{6535CCD2-AF18-4976-8CFF-48976EBD22B8}.Debug|Any CPU.Build.0 = Debug|Any CPU
		{6535CCD2-AF18-4976-8CFF-48976EBD22B8}.Staging|Any CPU.ActiveCfg = Staging|Any CPU
		{6535CCD2-AF18-4976-8CFF-48976EBD22B8}.Staging|Any CPU.Build.0 = Staging|Any CPU
		{6535CCD2-AF18-4976-8CFF-48976EBD22B8}.Release|Any CPU.ActiveCfg = Release|Any CPU
		{6535CCD2-AF18-4976-8CFF-48976EBD22B8}.Release|Any CPU.Build.0 = Release|Any CPU
		{6535CCD2-AF18-4976-8CFF-48976EBD22B8}.Testing|Any CPU.ActiveCfg = Testing|Any CPU
		{6535CCD2-AF18-4976-8CFF-48976EBD22B8}.Testing|Any CPU.Build.0 = Testing|Any CPU
	EndGlobalSection
	GlobalSection(SolutionProperties) = preSolution
		HideSolutionNode = FALSE
	EndGlobalSection
	GlobalSection(NestedProjects) = preSolution
		{6535CCD2-AF18-4976-8CFF-48976EBD22B8} = {3F4F8C03-8B71-4EEE-832C-FDB9FCEA1D09}
	EndGlobalSection
	GlobalSection(ExtensibilityGlobals) = postSolution
		SolutionGuid = {A422407F-9DC4-4844-B682-61B93CE2D72A}
	EndGlobalSection
EndGlobal
